
Microsoft Visual Studio Solution File, Format Version 12.00
# Visual Studio Version 16
VisualStudioVersion = 16.0.29306.81
MinimumVisualStudioVersion = 10.0.40219.1
Project("{8BC9CEB8-8B4A-11D0-8D11-00A0C91BC942}") = "YoutubeDownloader", "YoutubeDownloader.vcxproj", "{C9416840-D690-4D3D-AB1E-27BBD327CC7F}"
EndProject
Global
	GlobalSection(SolutionConfigurationPlatforms) = preSolution
		Debug|x64 = Debug|x64
		Debug|x86 = Debug|x86
		Release|x64 = Release|x64
		Release|x86 = Release|x86
	EndGlobalSection
	GlobalSection(ProjectConfigurationPlatforms) = postSolution
		{C9416840-D690-4D3D-AB1E-27BBD327CC7F}.Debug|x64.ActiveCfg = Debug|x64
		{C9416840-D690-4D3D-AB1E-27BBD327CC7F}.Debug|x64.Build.0 = Debug|x64
		{C9416840-D690-4D3D-AB1E-27BBD327CC7F}.Debug|x86.ActiveCfg = Debug|Win32
		{C9416840-D690-4D3D-AB1E-27BBD327CC7F}.Debug|x86.Build.0 = Debug|Win32
		{C9416840-D690-4D3D-AB1E-27BBD327CC7F}.Release|x64.ActiveCfg = Release|x64
		{C9416840-D690-4D3D-AB1E-27BBD327CC7F}.Release|x64.Build.0 = Release|x64
		{C9416840-D690-4D3D-AB1E-27BBD327CC7F}.Release|x86.ActiveCfg = Release|Win32
		{C9416840-D690-4D3D-AB1E-27BBD327CC7F}.Release|x86.Build.0 = Release|Win32
	EndGlobalSection
	GlobalSection(SolutionProperties) = preSolution
		HideSolutionNode = FALSE
	EndGlobalSection
	GlobalSection(ExtensibilityGlobals) = postSolution
		SolutionGuid = {167130AD-2D42-42F0-A516-3B9A002B7F8B}
	EndGlobalSection
EndGlobal
